// !$*UTF8*$!
{
	archiveVersion = 1;
	classes = {
	};
	objectVersion = 46;
	objects = {

/* Begin PBXBuildFile section */
		B4FADB881F002D36005433F4 /* main.m in Sources */ = {isa = PBXBuildFile; fileRef = B4FADB871F002D36005433F4 /* main.m */; };
		B4FADB8B1F002D36005433F4 /* AppDelegate.m in Sources */ = {isa = PBXBuildFile; fileRef = B4FADB8A1F002D36005433F4 /* AppDelegate.m */; };
		B4FADB8E1F002D36005433F4 /* ViewController.m in Sources */ = {isa = PBXBuildFile; fileRef = B4FADB8D1F002D36005433F4 /* ViewController.m */; };
		B4FADB911F002D36005433F4 /* Main.storyboard in Resources */ = {isa = PBXBuildFile; fileRef = B4FADB8F1F002D36005433F4 /* Main.storyboard */; };
		B4FADB931F002D36005433F4 /* Assets.xcassets in Resources */ = {isa = PBXBuildFile; fileRef = B4FADB921F002D36005433F4 /* Assets.xcassets */; };
		B4FADB961F002D36005433F4 /* LaunchScreen.storyboard in Resources */ = {isa = PBXBuildFile; fileRef = B4FADB941F002D36005433F4 /* LaunchScreen.storyboard */; };
		B4FADBA11F002D36005433F4 /* iOS_________cell__Tests.m in Sources */ = {isa = PBXBuildFile; fileRef = B4FADBA01F002D36005433F4 /* iOS_________cell__Tests.m */; };
		B4FADBAC1F002D36005433F4 /* iOS_________cell__UITests.m in Sources */ = {isa = PBXBuildFile; fileRef = B4FADBAB1F002D36005433F4 /* iOS_________cell__UITests.m */; };
		B4FADBBC1F002D5B005433F4 /* ssTableViewCell.m in Sources */ = {isa = PBXBuildFile; fileRef = B4FADBBA1F002D5B005433F4 /* ssTableViewCell.m */; };
		B4FADBBD1F002D5B005433F4 /* ssTableViewCell.xib in Resources */ = {isa = PBXBuildFile; fileRef = B4FADBBB1F002D5B005433F4 /* ssTableViewCell.xib */; };
/* End PBXBuildFile section */

/* Begin PBXContainerItemProxy section */
		B4FADB9D1F002D36005433F4 /* PBXContainerItemProxy */ = {
			isa = PBXContainerItemProxy;
			containerPortal = B4FADB7B1F002D36005433F4 /* Project object */;
			proxyType = 1;
			remoteGlobalIDString = B4FADB821F002D36005433F4;
			remoteInfo = "iOS 动态加载不同高度cell缓存";
		};
		B4FADBA81F002D36005433F4 /* PBXContainerItemProxy */ = {
			isa = PBXContainerItemProxy;
			containerPortal = B4FADB7B1F002D36005433F4 /* Project object */;
			proxyType = 1;
			remoteGlobalIDString = B4FADB821F002D36005433F4;
			remoteInfo = "iOS 动态加载不同高度cell缓存";
		};
/* End PBXContainerItemProxy section */

/* Begin PBXFileReference section */
		B4FADB831F002D36005433F4 /* iOS 动态加载不同高度cell缓存.app */ = {isa = PBXFileReference; explicitFileType = wrapper.application; includeInIndex = 0; path = "iOS 动态加载不同高度cell缓存.app"; sourceTree = BUILT_PRODUCTS_DIR; };
		B4FADB871F002D36005433F4 /* main.m */ = {isa = PBXFileReference; lastKnownFileType = sourcecode.c.objc; path = main.m; sourceTree = "<group>"; };
		B4FADB891F002D36005433F4 /* AppDelegate.h */ = {isa = PBXFileReference; lastKnownFileType = sourcecode.c.h; path = AppDelegate.h; sourceTree = "<group>"; };
		B4FADB8A1F002D36005433F4 /* AppDelegate.m */ = {isa = PBXFileReference; lastKnownFileType = sourcecode.c.objc; path = AppDelegate.m; sourceTree = "<group>"; };
		B4FADB8C1F002D36005433F4 /* ViewController.h */ = {isa = PBXFileReference; lastKnownFileType = sourcecode.c.h; path = ViewController.h; sourceTree = "<group>"; };
		B4FADB8D1F002D36005433F4 /* ViewController.m */ = {isa = PBXFileReference; lastKnownFileType = sourcecode.c.objc; path = ViewController.m; sourceTree = "<group>"; wrapsLines = 0; };
		B4FADB901F002D36005433F4 /* Base */ = {isa = PBXFileReference; lastKnownFileType = file.storyboard; name = Base; path = Base.lproj/Main.storyboard; sourceTree = "<group>"; };
		B4FADB921F002D36005433F4 /* Assets.xcassets */ = {isa = PBXFileReference; lastKnownFileType = folder.assetcatalog; path = Assets.xcassets; sourceTree = "<group>"; };
		B4FADB951F002D36005433F4 /* Base */ = {isa = PBXFileReference; lastKnownFileType = file.storyboard; name = Base; path = Base.lproj/LaunchScreen.storyboard; sourceTree = "<group>"; };
		B4FADB971F002D36005433F4 /* Info.plist */ = {isa = PBXFileReference; lastKnownFileType = text.plist.xml; path = Info.plist; sourceTree = "<group>"; };
		B4FADB9C1F002D36005433F4 /* iOS 动态加载不同高度cell缓存Tests.xctest */ = {isa = PBXFileReference; explicitFileType = wrapper.cfbundle; includeInIndex = 0; path = "iOS 动态加载不同高度cell缓存Tests.xctest"; sourceTree = BUILT_PRODUCTS_DIR; };
		B4FADBA01F002D36005433F4 /* iOS_________cell__Tests.m */ = {isa = PBXFileReference; lastKnownFileType = sourcecode.c.objc; path = "iOS_________cell__Tests.m"; sourceTree = "<group>"; };
		B4FADBA21F002D36005433F4 /* Info.plist */ = {isa = PBXFileReference; lastKnownFileType = text.plist.xml; path = Info.plist; sourceTree = "<group>"; };
		B4FADBA71F002D36005433F4 /* iOS 动态加载不同高度cell缓存UITests.xctest */ = {isa = PBXFileReference; explicitFileType = wrapper.cfbundle; includeInIndex = 0; path = "iOS 动态加载不同高度cell缓存UITests.xctest"; sourceTree = BUILT_PRODUCTS_DIR; };
		B4FADBAB1F002D36005433F4 /* iOS_________cell__UITests.m */ = {isa = PBXFileReference; lastKnownFileType = sourcecode.c.objc; path = "iOS_________cell__UITests.m"; sourceTree = "<group>"; };
		B4FADBAD1F002D36005433F4 /* Info.plist */ = {isa = PBXFileReference; lastKnownFileType = text.plist.xml; path = Info.plist; sourceTree = "<group>"; };
		B4FADBB91F002D5B005433F4 /* ssTableViewCell.h */ = {isa = PBXFileReference; fileEncoding = 4; lastKnownFileType = sourcecode.c.h; path = ssTableViewCell.h; sourceTree = "<group>"; };
		B4FADBBA1F002D5B005433F4 /* ssTableViewCell.m */ = {isa = PBXFileReference; fileEncoding = 4; lastKnownFileType = sourcecode.c.objc; path = ssTableViewCell.m; sourceTree = "<group>"; };
		B4FADBBB1F002D5B005433F4 /* ssTableViewCell.xib */ = {isa = PBXFileReference; fileEncoding = 4; lastKnownFileType = file.xib; path = ssTableViewCell.xib; sourceTree = "<group>"; };
/* End PBXFileReference section */

/* Begin PBXFrameworksBuildPhase section */
		B4FADB801F002D36005433F4 /* Frameworks */ = {
			isa = PBXFrameworksBuildPhase;
			buildActionMask = 2147483647;
			files = (
			);
			runOnlyForDeploymentPostprocessing = 0;
		};
		B4FADB991F002D36005433F4 /* Frameworks */ = {
			isa = PBXFrameworksBuildPhase;
			buildActionMask = 2147483647;
			files = (
			);
			runOnlyForDeploymentPostprocessing = 0;
		};
		B4FADBA41F002D36005433F4 /* Frameworks */ = {
			isa = PBXFrameworksBuildPhase;
			buildActionMask = 2147483647;
			files = (
			);
			runOnlyForDeploymentPostprocessing = 0;
		};
/* End PBXFrameworksBuildPhase section */

/* Begin PBXGroup section */
		B4FADB7A1F002D36005433F4 = {
			isa = PBXGroup;
			children = (
				B4FADB851F002D36005433F4 /* iOS 动态加载不同高度cell缓存 */,
				B4FADB9F1F002D36005433F4 /* iOS 动态加载不同高度cell缓存Tests */,
				B4FADBAA1F002D36005433F4 /* iOS 动态加载不同高度cell缓存UITests */,
				B4FADB841F002D36005433F4 /* Products */,
			);
			sourceTree = "<group>";
		};
		B4FADB841F002D36005433F4 /* Products */ = {
			isa = PBXGroup;
			children = (
				B4FADB831F002D36005433F4 /* iOS 动态加载不同高度cell缓存.app */,
				B4FADB9C1F002D36005433F4 /* iOS 动态加载不同高度cell缓存Tests.xctest */,
				B4FADBA71F002D36005433F4 /* iOS 动态加载不同高度cell缓存UITests.xctest */,
			);
			name = Products;
			sourceTree = "<group>";
		};
		B4FADB851F002D36005433F4 /* iOS 动态加载不同高度cell缓存 */ = {
			isa = PBXGroup;
			children = (
				B4FADB891F002D36005433F4 /* AppDelegate.h */,
				B4FADB8A1F002D36005433F4 /* AppDelegate.m */,
				B4FADB8C1F002D36005433F4 /* ViewController.h */,
				B4FADB8D1F002D36005433F4 /* ViewController.m */,
				B4FADBB91F002D5B005433F4 /* ssTableViewCell.h */,
				B4FADBBA1F002D5B005433F4 /* ssTableViewCell.m */,
				B4FADBBB1F002D5B005433F4 /* ssTableViewCell.xib */,
				B4FADB8F1F002D36005433F4 /* Main.storyboard */,
				B4FADB921F002D36005433F4 /* Assets.xcassets */,
				B4FADB941F002D36005433F4 /* LaunchScreen.storyboard */,
				B4FADB971F002D36005433F4 /* Info.plist */,
				B4FADB861F002D36005433F4 /* Supporting Files */,
			);
			path = "iOS 动态加载不同高度cell缓存";
			sourceTree = "<group>";
		};
		B4FADB861F002D36005433F4 /* Supporting Files */ = {
			isa = PBXGroup;
			children = (
				B4FADB871F002D36005433F4 /* main.m */,
			);
			name = "Supporting Files";
			sourceTree = "<group>";
		};
		B4FADB9F1F002D36005433F4 /* iOS 动态加载不同高度cell缓存Tests */ = {
			isa = PBXGroup;
			children = (
				B4FADBA01F002D36005433F4 /* iOS_________cell__Tests.m */,
				B4FADBA21F002D36005433F4 /* Info.plist */,
			);
			path = "iOS 动态加载不同高度cell缓存Tests";
			sourceTree = "<group>";
		};
		B4FADBAA1F002D36005433F4 /* iOS 动态加载不同高度cell缓存UITests */ = {
			isa = PBXGroup;
			children = (
				B4FADBAB1F002D36005433F4 /* iOS_________cell__UITests.m */,
				B4FADBAD1F002D36005433F4 /* Info.plist */,
			);
			path = "iOS 动态加载不同高度cell缓存UITests";
			sourceTree = "<group>";
		};
/* End PBXGroup section */

/* Begin PBXNativeTarget section */
		B4FADB821F002D36005433F4 /* iOS 动态加载不同高度cell缓存 */ = {
			isa = PBXNativeTarget;
			buildConfigurationList = B4FADBB01F002D36005433F4 /* Build configuration list for PBXNativeTarget "iOS 动态加载不同高度cell缓存" */;
			buildPhases = (
				B4FADB7F1F002D36005433F4 /* Sources */,
				B4FADB801F002D36005433F4 /* Frameworks */,
				B4FADB811F002D36005433F4 /* Resources */,
			);
			buildRules = (
			);
			dependencies = (
			);
			name = "iOS 动态加载不同高度cell缓存";
			productName = "iOS 动态加载不同高度cell缓存";
			productReference = B4FADB831F002D36005433F4 /* iOS 动态加载不同高度cell缓存.app */;
			productType = "com.apple.product-type.application";
		};
		B4FADB9B1F002D36005433F4 /* iOS 动态加载不同高度cell缓存Tests */ = {
			isa = PBXNativeTarget;
			buildConfigurationList = B4FADBB31F002D36005433F4 /* Build configuration list for PBXNativeTarget "iOS 动态加载不同高度cell缓存Tests" */;
			buildPhases = (
				B4FADB981F002D36005433F4 /* Sources */,
				B4FADB991F002D36005433F4 /* Frameworks */,
				B4FADB9A1F002D36005433F4 /* Resources */,
			);
			buildRules = (
			);
			dependencies = (
				B4FADB9E1F002D36005433F4 /* PBXTargetDependency */,
			);
			name = "iOS 动态加载不同高度cell缓存Tests";
			productName = "iOS 动态加载不同高度cell缓存Tests";
			productReference = B4FADB9C1F002D36005433F4 /* iOS 动态加载不同高度cell缓存Tests.xctest */;
			productType = "com.apple.product-type.bundle.unit-test";
		};
		B4FADBA61F002D36005433F4 /* iOS 动态加载不同高度cell缓存UITests */ = {
			isa = PBXNativeTarget;
			buildConfigurationList = B4FADBB61F002D36005433F4 /* Build configuration list for PBXNativeTarget "iOS 动态加载不同高度cell缓存UITests" */;
			buildPhases = (
				B4FADBA31F002D36005433F4 /* Sources */,
				B4FADBA41F002D36005433F4 /* Frameworks */,
				B4FADBA51F002D36005433F4 /* Resources */,
			);
			buildRules = (
			);
			dependencies = (
				B4FADBA91F002D36005433F4 /* PBXTargetDependency */,
			);
			name = "iOS 动态加载不同高度cell缓存UITests";
			productName = "iOS 动态加载不同高度cell缓存UITests";
			productReference = B4FADBA71F002D36005433F4 /* iOS 动态加载不同高度cell缓存UITests.xctest */;
			productType = "com.apple.product-type.bundle.ui-testing";
		};
/* End PBXNativeTarget section */

/* Begin PBXProject section */
		B4FADB7B1F002D36005433F4 /* Project object */ = {
			isa = PBXProject;
			attributes = {
				LastUpgradeCheck = 0830;
				ORGANIZATIONNAME = "张文勇";
				TargetAttributes = {
					B4FADB821F002D36005433F4 = {
						CreatedOnToolsVersion = 8.3.3;
						DevelopmentTeam = DHJ4UU24CJ;
						ProvisioningStyle = Automatic;
					};
					B4FADB9B1F002D36005433F4 = {
						CreatedOnToolsVersion = 8.3.3;
						DevelopmentTeam = DHJ4UU24CJ;
						ProvisioningStyle = Automatic;
						TestTargetID = B4FADB821F002D36005433F4;
					};
					B4FADBA61F002D36005433F4 = {
						CreatedOnToolsVersion = 8.3.3;
						DevelopmentTeam = DHJ4UU24CJ;
						ProvisioningStyle = Automatic;
						TestTargetID = B4FADB821F002D36005433F4;
					};
				};
			};
			buildConfigurationList = B4FADB7E1F002D36005433F4 /* Build configuration list for PBXProject "iOS 动态加载不同高度cell缓存" */;
			compatibilityVersion = "Xcode 3.2";
			developmentRegion = English;
			hasScannedForEncodings = 0;
			knownRegions = (
				en,
				Base,
			);
			mainGroup = B4FADB7A1F002D36005433F4;
			productRefGroup = B4FADB841F002D36005433F4 /* Products */;
			projectDirPath = "";
			projectRoot = "";
			targets = (
				B4FADB821F002D36005433F4 /* iOS 动态加载不同高度cell缓存 */,
				B4FADB9B1F002D36005433F4 /* iOS 动态加载不同高度cell缓存Tests */,
				B4FADBA61F002D36005433F4 /* iOS 动态加载不同高度cell缓存UITests */,
			);
		};
/* End PBXProject section */

/* Begin PBXResourcesBuildPhase section */
		B4FADB811F002D36005433F4 /* Resources */ = {
			isa = PBXResourcesBuildPhase;
			buildActionMask = 2147483647;
			files = (
				B4FADB961F002D36005433F4 /* LaunchScreen.storyboard in Resources */,
				B4FADBBD1F002D5B005433F4 /* ssTableViewCell.xib in Resources */,
				B4FADB931F002D36005433F4 /* Assets.xcassets in Resources */,
				B4FADB911F002D36005433F4 /* Main.storyboard in Resources */,
			);
			runOnlyForDeploymentPostprocessing = 0;
		};
		B4FADB9A1F002D36005433F4 /* Resources */ = {
			isa = PBXResourcesBuildPhase;
			buildActionMask = 2147483647;
			files = (
			);
			runOnlyForDeploymentPostprocessing = 0;
		};
		B4FADBA51F002D36005433F4 /* Resources */ = {
			isa = PBXResourcesBuildPhase;
			buildActionMask = 2147483647;
			files = (
			);
			runOnlyForDeploymentPostprocessing = 0;
		};
/* End PBXResourcesBuildPhase section */

/* Begin PBXSourcesBuildPhase section */
		B4FADB7F1F002D36005433F4 /* Sources */ = {
			isa = PBXSourcesBuildPhase;
			buildActionMask = 2147483647;
			files = (
				B4FADB8E1F002D36005433F4 /* ViewController.m in Sources */,
				B4FADBBC1F002D5B005433F4 /* ssTableViewCell.m in Sources */,
				B4FADB8B1F002D36005433F4 /* AppDelegate.m in Sources */,
				B4FADB881F002D36005433F4 /* main.m in Sources */,
			);
			runOnlyForDeploymentPostprocessing = 0;
		};
		B4FADB981F002D36005433F4 /* Sources */ = {
			isa = PBXSourcesBuildPhase;
			buildActionMask = 2147483647;
			files = (
				B4FADBA11F002D36005433F4 /* iOS_________cell__Tests.m in Sources */,
			);
			runOnlyForDeploymentPostprocessing = 0;
		};
		B4FADBA31F002D36005433F4 /* Sources */ = {
			isa = PBXSourcesBuildPhase;
			buildActionMask = 2147483647;
			files = (
				B4FADBAC1F002D36005433F4 /* iOS_________cell__UITests.m in Sources */,
			);
			runOnlyForDeploymentPostprocessing = 0;
		};
/* End PBXSourcesBuildPhase section */

/* Begin PBXTargetDependency section */
		B4FADB9E1F002D36005433F4 /* PBXTargetDependency */ = {
			isa = PBXTargetDependency;
			target = B4FADB821F002D36005433F4 /* iOS 动态加载不同高度cell缓存 */;
			targetProxy = B4FADB9D1F002D36005433F4 /* PBXContainerItemProxy */;
		};
		B4FADBA91F002D36005433F4 /* PBXTargetDependency */ = {
			isa = PBXTargetDependency;
			target = B4FADB821F002D36005433F4 /* iOS 动态加载不同高度cell缓存 */;
			targetProxy = B4FADBA81F002D36005433F4 /* PBXContainerItemProxy */;
		};
/* End PBXTargetDependency section */

/* Begin PBXVariantGroup section */
		B4FADB8F1F002D36005433F4 /* Main.storyboard */ = {
			isa = PBXVariantGroup;
			children = (
				B4FADB901F002D36005433F4 /* Base */,
			);
			name = Main.storyboard;
			sourceTree = "<group>";
		};
		B4FADB941F002D36005433F4 /* LaunchScreen.storyboard */ = {
			isa = PBXVariantGroup;
			children = (
				B4FADB951F002D36005433F4 /* Base */,
			);
			name = LaunchScreen.storyboard;
			sourceTree = "<group>";
		};
/* End PBXVariantGroup section */

/* Begin XCBuildConfiguration section */
		B4FADBAE1F002D36005433F4 /* Debug */ = {
			isa = XCBuildConfiguration;
			buildSettings = {
				ALWAYS_SEARCH_USER_PATHS = NO;
				CLANG_ANALYZER_NONNULL = YES;
				CLANG_ANALYZER_NUMBER_OBJECT_CONVERSION = YES_AGGRESSIVE;
				CLANG_CXX_LANGUAGE_STANDARD = "gnu++0x";
				CLANG_CXX_LIBRARY = "libc++";
				CLANG_ENABLE_MODULES = YES;
				CLANG_ENABLE_OBJC_ARC = YES;
				CLANG_WARN_BOOL_CONVERSION = YES;
				CLANG_WARN_CONSTANT_CONVERSION = YES;
				CLANG_WARN_DIRECT_OBJC_ISA_USAGE = YES_ERROR;
				CLANG_WARN_DOCUMENTATION_COMMENTS = YES;
				CLANG_WARN_EMPTY_BODY = YES;
				CLANG_WARN_ENUM_CONVERSION = YES;
				CLANG_WARN_INFINITE_RECURSION = YES;
				CLANG_WARN_INT_CONVERSION = YES;
				CLANG_WARN_OBJC_ROOT_CLASS = YES_ERROR;
				CLANG_WARN_SUSPICIOUS_MOVE = YES;
				CLANG_WARN_UNREACHABLE_CODE = YES;
				CLANG_WARN__DUPLICATE_METHOD_MATCH = YES;
				"CODE_SIGN_IDENTITY[sdk=iphoneos*]" = "iPhone Developer";
				COPY_PHASE_STRIP = NO;
				DEBUG_INFORMATION_FORMAT = dwarf;
				ENABLE_STRICT_OBJC_MSGSEND = YES;
				ENABLE_TESTABILITY = YES;
				GCC_C_LANGUAGE_STANDARD = gnu99;
				GCC_DYNAMIC_NO_PIC = NO;
				GCC_NO_COMMON_BLOCKS = YES;
				GCC_OPTIMIZATION_LEVEL = 0;
				GCC_PREPROCESSOR_DEFINITIONS = (
					"DEBUG=1",
					"$(inherited)",
				);
				GCC_WARN_64_TO_32_BIT_CONVERSION = YES;
				GCC_WARN_ABOUT_RETURN_TYPE = YES_ERROR;
				GCC_WARN_UNDECLARED_SELECTOR = YES;
				GCC_WARN_UNINITIALIZED_AUTOS = YES_AGGRESSIVE;
				GCC_WARN_UNUSED_FUNCTION = YES;
				GCC_WARN_UNUSED_VARIABLE = YES;
				IPHONEOS_DEPLOYMENT_TARGET = 10.3;
				MTL_ENABLE_DEBUG_INFO = YES;
				ONLY_ACTIVE_ARCH = YES;
				SDKROOT = iphoneos;
				TARGETED_DEVICE_FAMILY = "1,2";
			};
			name = Debug;
		};
		B4FADBAF1F002D36005433F4 /* Release */ = {
			isa = XCBuildConfiguration;
			buildSettings = {
				ALWAYS_SEARCH_USER_PATHS = NO;
				CLANG_ANALYZER_NONNULL = YES;
				CLANG_ANALYZER_NUMBER_OBJECT_CONVERSION = YES_AGGRESSIVE;
				CLANG_CXX_LANGUAGE_STANDARD = "gnu++0x";
				CLANG_CXX_LIBRARY = "libc++";
				CLANG_ENABLE_MODULES = YES;
				CLANG_ENABLE_OBJC_ARC = YES;
				CLANG_WARN_BOOL_CONVERSION = YES;
				CLANG_WARN_CONSTANT_CONVERSION = YES;
				CLANG_WARN_DIRECT_OBJC_ISA_USAGE = YES_ERROR;
				CLANG_WARN_DOCUMENTATION_COMMENTS = YES;
				CLANG_WARN_EMPTY_BODY = YES;
				CLANG_WARN_ENUM_CONVERSION = YES;
				CLANG_WARN_INFINITE_RECURSION = YES;
				CLANG_WARN_INT_CONVERSION = YES;
				CLANG_WARN_OBJC_ROOT_CLASS = YES_ERROR;
				CLANG_WARN_SUSPICIOUS_MOVE = YES;
				CLANG_WARN_UNREACHABLE_CODE = YES;
				CLANG_WARN__DUPLICATE_METHOD_MATCH = YES;
				"CODE_SIGN_IDENTITY[sdk=iphoneos*]" = "iPhone Developer";
				COPY_PHASE_STRIP = NO;
				DEBUG_INFORMATION_FORMAT = "dwarf-with-dsym";
				ENABLE_NS_ASSERTIONS = NO;
				ENABLE_STRICT_OBJC_MSGSEND = YES;
				GCC_C_LANGUAGE_STANDARD = gnu99;
				GCC_NO_COMMON_BLOCKS = YES;
				GCC_WARN_64_TO_32_BIT_CONVERSION = YES;
				GCC_WARN_ABOUT_RETURN_TYPE = YES_ERROR;
				GCC_WARN_UNDECLARED_SELECTOR = YES;
				GCC_WARN_UNINITIALIZED_AUTOS = YES_AGGRESSIVE;
				GCC_WARN_UNUSED_FUNCTION = YES;
				GCC_WARN_UNUSED_VARIABLE = YES;
				IPHONEOS_DEPLOYMENT_TARGET = 10.3;
				MTL_ENABLE_DEBUG_INFO = NO;
				SDKROOT = iphoneos;
				TARGETED_DEVICE_FAMILY = "1,2";
				VALIDATE_PRODUCT = YES;
			};
			name = Release;
		};
		B4FADBB11F002D36005433F4 /* Debug */ = {
			isa = XCBuildConfiguration;
			buildSettings = {
				ASSETCATALOG_COMPILER_APPICON_NAME = AppIcon;
				DEVELOPMENT_TEAM = DHJ4UU24CJ;
				INFOPLIST_FILE = "iOS 动态加载不同高度cell缓存/Info.plist";
				LD_RUNPATH_SEARCH_PATHS = "$(inherited) @executable_path/Frameworks";
				PRODUCT_BUNDLE_IDENTIFIER = "allianture.iOS---------cell--";
				PRODUCT_NAME = "$(TARGET_NAME)";
			};
			name = Debug;
		};
		B4FADBB21F002D36005433F4 /* Release */ = {
			isa = XCBuildConfiguration;
			buildSettings = {
				ASSETCATALOG_COMPILER_APPICON_NAME = AppIcon;
				DEVELOPMENT_TEAM = DHJ4UU24CJ;
				INFOPLIST_FILE = "iOS 动态加载不同高度cell缓存/Info.plist";
				LD_RUNPATH_SEARCH_PATHS = "$(inherited) @executable_path/Frameworks";
				PRODUCT_BUNDLE_IDENTIFIER = "allianture.iOS---------cell--";
				PRODUCT_NAME = "$(TARGET_NAME)";
			};
			name = Release;
		};
		B4FADBB41F002D36005433F4 /* Debug */ = {
			isa = XCBuildConfiguration;
			buildSettings = {
				BUNDLE_LOADER = "$(TEST_HOST)";
				DEVELOPMENT_TEAM = DHJ4UU24CJ;
				INFOPLIST_FILE = "iOS 动态加载不同高度cell缓存Tests/Info.plist";
				LD_RUNPATH_SEARCH_PATHS = "$(inherited) @executable_path/Frameworks @loader_path/Frameworks";
				PRODUCT_BUNDLE_IDENTIFIER = "allianture.iOS---------cell--Tests";
				PRODUCT_NAME = "$(TARGET_NAME)";
				TEST_HOST = "$(BUILT_PRODUCTS_DIR)/iOS 动态加载不同高度cell缓存.app/iOS 动态加载不同高度cell缓存";
			};
			name = Debug;
		};
		B4FADBB51F002D36005433F4 /* Release */ = {
			isa = XCBuildConfiguration;
			buildSettings = {
				BUNDLE_LOADER = "$(TEST_HOST)";
				DEVELOPMENT_TEAM = DHJ4UU24CJ;
				INFOPLIST_FILE = "iOS 动态加载不同高度cell缓存Tests/Info.plist";
				LD_RUNPATH_SEARCH_PATHS = "$(inherited) @executable_path/Frameworks @loader_path/Frameworks";
				PRODUCT_BUNDLE_IDENTIFIER = "allianture.iOS---------cell--Tests";
				PRODUCT_NAME = "$(TARGET_NAME)";
				TEST_HOST = "$(BUILT_PRODUCTS_DIR)/iOS 动态加载不同高度cell缓存.app/iOS 动态加载不同高度cell缓存";
			};
			name = Release;
		};
		B4FADBB71F002D36005433F4 /* Debug */ = {
			isa = XCBuildConfiguration;
			buildSettings = {
				DEVELOPMENT_TEAM = DHJ4UU24CJ;
				INFOPLIST_FILE = "iOS 动态加载不同高度cell缓存UITests/Info.plist";
				LD_RUNPATH_SEARCH_PATHS = "$(inherited) @executable_path/Frameworks @loader_path/Frameworks";
				PRODUCT_BUNDLE_IDENTIFIER = "allianture.iOS---------cell--UITests";
				PRODUCT_NAME = "$(TARGET_NAME)";
				TEST_TARGET_NAME = "iOS 动态加载不同高度cell缓存";
			};
			name = Debug;
		};
		B4FADBB81F002D36005433F4 /* Release */ = {
			isa = XCBuildConfiguration;
			buildSettings = {
				DEVELOPMENT_TEAM = DHJ4UU24CJ;
				INFOPLIST_FILE = "iOS 动态加载不同高度cell缓存UITests/Info.plist";
				LD_RUNPATH_SEARCH_PATHS = "$(inherited) @executable_path/Frameworks @loader_path/Frameworks";
				PRODUCT_BUNDLE_IDENTIFIER = "allianture.iOS---------cell--UITests";
				PRODUCT_NAME = "$(TARGET_NAME)";
				TEST_TARGET_NAME = "iOS 动态加载不同高度cell缓存";
			};
			name = Release;
		};
/* End XCBuildConfiguration section */

/* Begin XCConfigurationList section */
		B4FADB7E1F002D36005433F4 /* Build configuration list for PBXProject "iOS 动态加载不同高度cell缓存" */ = {
			isa = XCConfigurationList;
			buildConfigurations = (
				B4FADBAE1F002D36005433F4 /* Debug */,
				B4FADBAF1F002D36005433F4 /* Release */,
			);
			defaultConfigurationIsVisible = 0;
			defaultConfigurationName = Release;
		};
		B4FADBB01F002D36005433F4 /* Build configuration list for PBXNativeTarget "iOS 动态加载不同高度cell缓存" */ = {
			isa = XCConfigurationList;
			buildConfigurations = (
				B4FADBB11F002D36005433F4 /* Debug */,
				B4FADBB21F002D36005433F4 /* Release */,
			);
			defaultConfigurationIsVisible = 0;
		};
		B4FADBB31F002D36005433F4 /* Build configuration list for PBXNativeTarget "iOS 动态加载不同高度cell缓存Tests" */ = {
			isa = XCConfigurationList;
			buildConfigurations = (
				B4FADBB41F002D36005433F4 /* Debug */,
				B4FADBB51F002D36005433F4 /* Release */,
			);
			defaultConfigurationIsVisible = 0;
		};
		B4FADBB61F002D36005433F4 /* Build configuration list for PBXNativeTarget "iOS 动态加载不同高度cell缓存UITests" */ = {
			isa = XCConfigurationList;
			buildConfigurations = (
				B4FADBB71F002D36005433F4 /* Debug */,
				B4FADBB81F002D36005433F4 /* Release */,
			);
			defaultConfigurationIsVisible = 0;
		};
/* End XCConfigurationList section */
	};
	rootObject = B4FADB7B1F002D36005433F4 /* Project object */;
}
